
Microsoft Visual Studio Solution File, Format Version 12.00
# Visual Studio Version 16
VisualStudioVersion = 16.0.30907.101
MinimumVisualStudioVersion = 10.0.40219.1
Project("{FAE04EC0-301F-11D3-BF4B-00C04F79EFBC}") = "UnrealDB", "UnrealDB.csproj", "{9AC5FE67-4B04-44AD-B312-B39E33AE777A}"
EndProject
Global
	GlobalSection(SolutionConfigurationPlatforms) = preSolution
		Debug|Any CPU = Debug|Any CPU
		Release|Any CPU = Release|Any CPU
	EndGlobalSection
	GlobalSection(ProjectConfigurationPlatforms) = postSolution
		{9AC5FE67-4B04-44AD-B312-B39E33AE777A}.Debug|Any CPU.ActiveCfg = Debug|Any CPU
		{9AC5FE67-4B04-44AD-B312-B39E33AE777A}.Debug|Any CPU.Build.0 = Debug|Any CPU
		{9AC5FE67-4B04-44AD-B312-B39E33AE777A}.Release|Any CPU.ActiveCfg = Release|Any CPU
		{9AC5FE67-4B04-44AD-B312-B39E33AE777A}.Release|Any CPU.Build.0 = Release|Any CPU
	EndGlobalSection
	GlobalSection(SolutionProperties) = preSolution
		HideSolutionNode = FALSE
	EndGlobalSection
	GlobalSection(ExtensibilityGlobals) = postSolution
		SolutionGuid = {A5C3F014-6F4A-477A-A41D-527A0EDEB255}
	EndGlobalSection
EndGlobal
